
Microsoft Visual Studio Solution File, Format Version 12.00
# Visual Studio Version 16
VisualStudioVersion = 16.0.29009.5
MinimumVisualStudioVersion = 10.0.40219.1
Project("{FAE04EC0-301F-11D3-BF4B-00C04F79EFBC}") = "tileBasedGame", "tileBasedGame\tileBasedGame.csproj", "{BC57DFAA-D196-4AED-8423-063076102FEC}"
EndProject
Global
	GlobalSection(SolutionConfigurationPlatforms) = preSolution
		Debug|Any CPU = Debug|Any CPU
		Release|Any CPU = Release|Any CPU
	EndGlobalSection
	GlobalSection(ProjectConfigurationPlatforms) = postSolution
		{BC57DFAA-D196-4AED-8423-063076102FEC}.Debug|Any CPU.ActiveCfg = Debug|Any CPU
		{BC57DFAA-D196-4AED-8423-063076102FEC}.Debug|Any CPU.Build.0 = Debug|Any CPU
		{BC57DFAA-D196-4AED-8423-063076102FEC}.Release|Any CPU.ActiveCfg = Release|Any CPU
		{BC57DFAA-D196-4AED-8423-063076102FEC}.Release|Any CPU.Build.0 = Release|Any CPU
	EndGlobalSection
	GlobalSection(SolutionProperties) = preSolution
		HideSolutionNode = FALSE
	EndGlobalSection
	GlobalSection(ExtensibilityGlobals) = postSolution
		SolutionGuid = {F239BC97-B378-4D1C-AA88-1AF95053C61F}
	EndGlobalSection
EndGlobal
